
Microsoft Visual Studio Solution File, Format Version 12.00
# Visual Studio Version 16
VisualStudioVersion = 16.0.30907.101
MinimumVisualStudioVersion = 10.0.40219.1
Project("{FAE04EC0-301F-11D3-BF4B-00C04F79EFBC}") = "media_ponderada", "media_ponderada\media_ponderada.csproj", "{6A0E53A1-2B52-42C6-92AC-E3133472A7B8}"
EndProject
Global
	GlobalSection(SolutionConfigurationPlatforms) = preSolution
		Debug|Any CPU = Debug|Any CPU
		Release|Any CPU = Release|Any CPU
	EndGlobalSection
	GlobalSection(ProjectConfigurationPlatforms) = postSolution
		{6A0E53A1-2B52-42C6-92AC-E3133472A7B8}.Debug|Any CPU.ActiveCfg = Debug|Any CPU
		{6A0E53A1-2B52-42C6-92AC-E3133472A7B8}.Debug|Any CPU.Build.0 = Debug|Any CPU
		{6A0E53A1-2B52-42C6-92AC-E3133472A7B8}.Release|Any CPU.ActiveCfg = Release|Any CPU
		{6A0E53A1-2B52-42C6-92AC-E3133472A7B8}.Release|Any CPU.Build.0 = Release|Any CPU
	EndGlobalSection
	GlobalSection(SolutionProperties) = preSolution
		HideSolutionNode = FALSE
	EndGlobalSection
	GlobalSection(ExtensibilityGlobals) = postSolution
		SolutionGuid = {DBAB39F4-1F79-4154-A321-99ED5900B798}
	EndGlobalSection
EndGlobal
