
Microsoft Visual Studio Solution File, Format Version 12.00
# Visual Studio Version 16
VisualStudioVersion = 16.0.31005.135
MinimumVisualStudioVersion = 10.0.40219.1
Project("{FAE04EC0-301F-11D3-BF4B-00C04F79EFBC}") = "ifelse_ex08", "ifelse_ex08\ifelse_ex08.csproj", "{9BFB250B-1879-4F73-8D36-51EFACB5A3CF}"
EndProject
Global
	GlobalSection(SolutionConfigurationPlatforms) = preSolution
		Debug|Any CPU = Debug|Any CPU
		Release|Any CPU = Release|Any CPU
	EndGlobalSection
	GlobalSection(ProjectConfigurationPlatforms) = postSolution
		{9BFB250B-1879-4F73-8D36-51EFACB5A3CF}.Debug|Any CPU.ActiveCfg = Debug|Any CPU
		{9BFB250B-1879-4F73-8D36-51EFACB5A3CF}.Debug|Any CPU.Build.0 = Debug|Any CPU
		{9BFB250B-1879-4F73-8D36-51EFACB5A3CF}.Release|Any CPU.ActiveCfg = Release|Any CPU
		{9BFB250B-1879-4F73-8D36-51EFACB5A3CF}.Release|Any CPU.Build.0 = Release|Any CPU
	EndGlobalSection
	GlobalSection(SolutionProperties) = preSolution
		HideSolutionNode = FALSE
	EndGlobalSection
	GlobalSection(ExtensibilityGlobals) = postSolution
		SolutionGuid = {5EA784A1-C116-4DED-BCC3-1A7B4B3D64C7}
	EndGlobalSection
EndGlobal
