
Microsoft Visual Studio Solution File, Format Version 12.00
# Visual Studio Version 16
VisualStudioVersion = 16.0.31005.135
MinimumVisualStudioVersion = 10.0.40219.1
Project("{FAE04EC0-301F-11D3-BF4B-00C04F79EFBC}") = "EscopoDeVariavel", "EscopoDeVariavel\EscopoDeVariavel.csproj", "{D9FDD621-FD2A-45B6-995D-41D2A8B87CCC}"
EndProject
Global
	GlobalSection(SolutionConfigurationPlatforms) = preSolution
		Debug|Any CPU = Debug|Any CPU
		Release|Any CPU = Release|Any CPU
	EndGlobalSection
	GlobalSection(ProjectConfigurationPlatforms) = postSolution
		{D9FDD621-FD2A-45B6-995D-41D2A8B87CCC}.Debug|Any CPU.ActiveCfg = Debug|Any CPU
		{D9FDD621-FD2A-45B6-995D-41D2A8B87CCC}.Debug|Any CPU.Build.0 = Debug|Any CPU
		{D9FDD621-FD2A-45B6-995D-41D2A8B87CCC}.Release|Any CPU.ActiveCfg = Release|Any CPU
		{D9FDD621-FD2A-45B6-995D-41D2A8B87CCC}.Release|Any CPU.Build.0 = Release|Any CPU
	EndGlobalSection
	GlobalSection(SolutionProperties) = preSolution
		HideSolutionNode = FALSE
	EndGlobalSection
	GlobalSection(ExtensibilityGlobals) = postSolution
		SolutionGuid = {FAA31D8F-0A2E-43BD-B936-C4F974B2C610}
	EndGlobalSection
EndGlobal
