
Microsoft Visual Studio Solution File, Format Version 12.00
# Visual Studio Version 16
VisualStudioVersion = 16.0.31005.135
MinimumVisualStudioVersion = 10.0.40219.1
Project("{FAE04EC0-301F-11D3-BF4B-00C04F79EFBC}") = "CourseRedo", "CourseRedo\CourseRedo.csproj", "{B327E3AC-FCB3-4DC1-8956-86D5074E5E84}"
EndProject
Global
	GlobalSection(SolutionConfigurationPlatforms) = preSolution
		Debug|Any CPU = Debug|Any CPU
		Release|Any CPU = Release|Any CPU
	EndGlobalSection
	GlobalSection(ProjectConfigurationPlatforms) = postSolution
		{B327E3AC-FCB3-4DC1-8956-86D5074E5E84}.Debug|Any CPU.ActiveCfg = Debug|Any CPU
		{B327E3AC-FCB3-4DC1-8956-86D5074E5E84}.Debug|Any CPU.Build.0 = Debug|Any CPU
		{B327E3AC-FCB3-4DC1-8956-86D5074E5E84}.Release|Any CPU.ActiveCfg = Release|Any CPU
		{B327E3AC-FCB3-4DC1-8956-86D5074E5E84}.Release|Any CPU.Build.0 = Release|Any CPU
	EndGlobalSection
	GlobalSection(SolutionProperties) = preSolution
		HideSolutionNode = FALSE
	EndGlobalSection
	GlobalSection(ExtensibilityGlobals) = postSolution
		SolutionGuid = {B39F9CB8-4086-496F-94DF-6DA77CB469C6}
	EndGlobalSection
EndGlobal
