
Microsoft Visual Studio Solution File, Format Version 12.00
# Visual Studio Version 16
VisualStudioVersion = 16.0.30907.101
MinimumVisualStudioVersion = 10.0.40219.1
Project("{FAE04EC0-301F-11D3-BF4B-00C04F79EFBC}") = "soma_linhas", "soma_linhas\soma_linhas.csproj", "{513275DE-8E13-43E9-AE4A-090DA06B59E5}"
EndProject
Global
	GlobalSection(SolutionConfigurationPlatforms) = preSolution
		Debug|Any CPU = Debug|Any CPU
		Release|Any CPU = Release|Any CPU
	EndGlobalSection
	GlobalSection(ProjectConfigurationPlatforms) = postSolution
		{513275DE-8E13-43E9-AE4A-090DA06B59E5}.Debug|Any CPU.ActiveCfg = Debug|Any CPU
		{513275DE-8E13-43E9-AE4A-090DA06B59E5}.Debug|Any CPU.Build.0 = Debug|Any CPU
		{513275DE-8E13-43E9-AE4A-090DA06B59E5}.Release|Any CPU.ActiveCfg = Release|Any CPU
		{513275DE-8E13-43E9-AE4A-090DA06B59E5}.Release|Any CPU.Build.0 = Release|Any CPU
	EndGlobalSection
	GlobalSection(SolutionProperties) = preSolution
		HideSolutionNode = FALSE
	EndGlobalSection
	GlobalSection(ExtensibilityGlobals) = postSolution
		SolutionGuid = {C2C10DE9-ED81-48A3-B880-EE5727B0B91E}
	EndGlobalSection
EndGlobal
