
Microsoft Visual Studio Solution File, Format Version 12.00
# Visual Studio Version 16
VisualStudioVersion = 16.0.31005.135
MinimumVisualStudioVersion = 10.0.40219.1
Project("{FAE04EC0-301F-11D3-BF4B-00C04F79EFBC}") = "sequential_exercise2", "sequential_exercise2\sequential_exercise2.csproj", "{ECF88B95-F853-4DC3-89D6-325EE0C08AFE}"
EndProject
Global
	GlobalSection(SolutionConfigurationPlatforms) = preSolution
		Debug|Any CPU = Debug|Any CPU
		Release|Any CPU = Release|Any CPU
	EndGlobalSection
	GlobalSection(ProjectConfigurationPlatforms) = postSolution
		{ECF88B95-F853-4DC3-89D6-325EE0C08AFE}.Debug|Any CPU.ActiveCfg = Debug|Any CPU
		{ECF88B95-F853-4DC3-89D6-325EE0C08AFE}.Debug|Any CPU.Build.0 = Debug|Any CPU
		{ECF88B95-F853-4DC3-89D6-325EE0C08AFE}.Release|Any CPU.ActiveCfg = Release|Any CPU
		{ECF88B95-F853-4DC3-89D6-325EE0C08AFE}.Release|Any CPU.Build.0 = Release|Any CPU
	EndGlobalSection
	GlobalSection(SolutionProperties) = preSolution
		HideSolutionNode = FALSE
	EndGlobalSection
	GlobalSection(ExtensibilityGlobals) = postSolution
		SolutionGuid = {FFC66995-68FA-4CEC-B8F6-E382A6B6ECE3}
	EndGlobalSection
EndGlobal
