
Microsoft Visual Studio Solution File, Format Version 12.00
# Visual Studio Version 16
VisualStudioVersion = 16.0.31005.135
MinimumVisualStudioVersion = 10.0.40219.1
Project("{FAE04EC0-301F-11D3-BF4B-00C04F79EFBC}") = "introductionOO_ex01", "introductionOO_ex01\introductionOO_ex01.csproj", "{5CA8042F-A302-4795-A2B9-96C80FCF833C}"
EndProject
Global
	GlobalSection(SolutionConfigurationPlatforms) = preSolution
		Debug|Any CPU = Debug|Any CPU
		Release|Any CPU = Release|Any CPU
	EndGlobalSection
	GlobalSection(ProjectConfigurationPlatforms) = postSolution
		{5CA8042F-A302-4795-A2B9-96C80FCF833C}.Debug|Any CPU.ActiveCfg = Debug|Any CPU
		{5CA8042F-A302-4795-A2B9-96C80FCF833C}.Debug|Any CPU.Build.0 = Debug|Any CPU
		{5CA8042F-A302-4795-A2B9-96C80FCF833C}.Release|Any CPU.ActiveCfg = Release|Any CPU
		{5CA8042F-A302-4795-A2B9-96C80FCF833C}.Release|Any CPU.Build.0 = Release|Any CPU
	EndGlobalSection
	GlobalSection(SolutionProperties) = preSolution
		HideSolutionNode = FALSE
	EndGlobalSection
	GlobalSection(ExtensibilityGlobals) = postSolution
		SolutionGuid = {F47086B9-3DFF-4B5F-9565-1EE6455E8F68}
	EndGlobalSection
EndGlobal
