
Microsoft Visual Studio Solution File, Format Version 12.00
# Visual Studio Version 16
VisualStudioVersion = 16.0.31005.135
MinimumVisualStudioVersion = 10.0.40219.1
Project("{FAE04EC0-301F-11D3-BF4B-00C04F79EFBC}") = "for_ex05", "for_ex05\for_ex05.csproj", "{403CB7C7-83DE-49F0-972C-811416230E25}"
EndProject
Global
	GlobalSection(SolutionConfigurationPlatforms) = preSolution
		Debug|Any CPU = Debug|Any CPU
		Release|Any CPU = Release|Any CPU
	EndGlobalSection
	GlobalSection(ProjectConfigurationPlatforms) = postSolution
		{403CB7C7-83DE-49F0-972C-811416230E25}.Debug|Any CPU.ActiveCfg = Debug|Any CPU
		{403CB7C7-83DE-49F0-972C-811416230E25}.Debug|Any CPU.Build.0 = Debug|Any CPU
		{403CB7C7-83DE-49F0-972C-811416230E25}.Release|Any CPU.ActiveCfg = Release|Any CPU
		{403CB7C7-83DE-49F0-972C-811416230E25}.Release|Any CPU.Build.0 = Release|Any CPU
	EndGlobalSection
	GlobalSection(SolutionProperties) = preSolution
		HideSolutionNode = FALSE
	EndGlobalSection
	GlobalSection(ExtensibilityGlobals) = postSolution
		SolutionGuid = {BD89CAD1-C04A-4067-A9F0-1D9293997BC2}
	EndGlobalSection
EndGlobal
