
Microsoft Visual Studio Solution File, Format Version 12.00
# Visual Studio Version 16
VisualStudioVersion = 16.0.31005.135
MinimumVisualStudioVersion = 10.0.40219.1
Project("{FAE04EC0-301F-11D3-BF4B-00C04F79EFBC}") = "RedoExercise02", "RedoExercise02\RedoExercise02.csproj", "{81E2948C-75FC-4AB0-B173-98EF5C9F1BDA}"
EndProject
Global
	GlobalSection(SolutionConfigurationPlatforms) = preSolution
		Debug|Any CPU = Debug|Any CPU
		Release|Any CPU = Release|Any CPU
	EndGlobalSection
	GlobalSection(ProjectConfigurationPlatforms) = postSolution
		{81E2948C-75FC-4AB0-B173-98EF5C9F1BDA}.Debug|Any CPU.ActiveCfg = Debug|Any CPU
		{81E2948C-75FC-4AB0-B173-98EF5C9F1BDA}.Debug|Any CPU.Build.0 = Debug|Any CPU
		{81E2948C-75FC-4AB0-B173-98EF5C9F1BDA}.Release|Any CPU.ActiveCfg = Release|Any CPU
		{81E2948C-75FC-4AB0-B173-98EF5C9F1BDA}.Release|Any CPU.Build.0 = Release|Any CPU
	EndGlobalSection
	GlobalSection(SolutionProperties) = preSolution
		HideSolutionNode = FALSE
	EndGlobalSection
	GlobalSection(ExtensibilityGlobals) = postSolution
		SolutionGuid = {7030DCE8-092C-484E-9B87-5DE23FF5770D}
	EndGlobalSection
EndGlobal
