
Microsoft Visual Studio Solution File, Format Version 12.00
# Visual Studio Version 16
VisualStudioVersion = 16.0.31025.194
MinimumVisualStudioVersion = 10.0.40219.1
Project("{FAE04EC0-301F-11D3-BF4B-00C04F79EFBC}") = "FixationExercise", "FixationExercise\FixationExercise.csproj", "{AF60597A-B2EF-4554-BAF0-8FF523365FA7}"
EndProject
Global
	GlobalSection(SolutionConfigurationPlatforms) = preSolution
		Debug|Any CPU = Debug|Any CPU
		Release|Any CPU = Release|Any CPU
	EndGlobalSection
	GlobalSection(ProjectConfigurationPlatforms) = postSolution
		{AF60597A-B2EF-4554-BAF0-8FF523365FA7}.Debug|Any CPU.ActiveCfg = Debug|Any CPU
		{AF60597A-B2EF-4554-BAF0-8FF523365FA7}.Debug|Any CPU.Build.0 = Debug|Any CPU
		{AF60597A-B2EF-4554-BAF0-8FF523365FA7}.Release|Any CPU.ActiveCfg = Release|Any CPU
		{AF60597A-B2EF-4554-BAF0-8FF523365FA7}.Release|Any CPU.Build.0 = Release|Any CPU
	EndGlobalSection
	GlobalSection(SolutionProperties) = preSolution
		HideSolutionNode = FALSE
	EndGlobalSection
	GlobalSection(ExtensibilityGlobals) = postSolution
		SolutionGuid = {D2804761-4046-453B-A356-8FC759CFDB9C}
	EndGlobalSection
EndGlobal
