
Microsoft Visual Studio Solution File, Format Version 12.00
# Visual Studio Version 16
VisualStudioVersion = 16.0.30907.101
MinimumVisualStudioVersion = 10.0.40219.1
Project("{FAE04EC0-301F-11D3-BF4B-00C04F79EFBC}") = "iniciovetor_negativo", "iniciovetor_negativo\iniciovetor_negativo.csproj", "{4A845E26-023F-48DC-BFF5-1F8FD4C454CA}"
EndProject
Global
	GlobalSection(SolutionConfigurationPlatforms) = preSolution
		Debug|Any CPU = Debug|Any CPU
		Release|Any CPU = Release|Any CPU
	EndGlobalSection
	GlobalSection(ProjectConfigurationPlatforms) = postSolution
		{4A845E26-023F-48DC-BFF5-1F8FD4C454CA}.Debug|Any CPU.ActiveCfg = Debug|Any CPU
		{4A845E26-023F-48DC-BFF5-1F8FD4C454CA}.Debug|Any CPU.Build.0 = Debug|Any CPU
		{4A845E26-023F-48DC-BFF5-1F8FD4C454CA}.Release|Any CPU.ActiveCfg = Release|Any CPU
		{4A845E26-023F-48DC-BFF5-1F8FD4C454CA}.Release|Any CPU.Build.0 = Release|Any CPU
	EndGlobalSection
	GlobalSection(SolutionProperties) = preSolution
		HideSolutionNode = FALSE
	EndGlobalSection
	GlobalSection(ExtensibilityGlobals) = postSolution
		SolutionGuid = {1B82891A-4881-47A1-9B7D-8AE936B2B305}
	EndGlobalSection
EndGlobal
