
Microsoft Visual Studio Solution File, Format Version 12.00
# Visual Studio Version 16
VisualStudioVersion = 16.0.31005.135
MinimumVisualStudioVersion = 10.0.40219.1
Project("{FAE04EC0-301F-11D3-BF4B-00C04F79EFBC}") = "ifelse_ex02", "ifelse_ex02\ifelse_ex02.csproj", "{37E5D152-2BE6-4636-BE14-A4A04534AACD}"
EndProject
Global
	GlobalSection(SolutionConfigurationPlatforms) = preSolution
		Debug|Any CPU = Debug|Any CPU
		Release|Any CPU = Release|Any CPU
	EndGlobalSection
	GlobalSection(ProjectConfigurationPlatforms) = postSolution
		{37E5D152-2BE6-4636-BE14-A4A04534AACD}.Debug|Any CPU.ActiveCfg = Debug|Any CPU
		{37E5D152-2BE6-4636-BE14-A4A04534AACD}.Debug|Any CPU.Build.0 = Debug|Any CPU
		{37E5D152-2BE6-4636-BE14-A4A04534AACD}.Release|Any CPU.ActiveCfg = Release|Any CPU
		{37E5D152-2BE6-4636-BE14-A4A04534AACD}.Release|Any CPU.Build.0 = Release|Any CPU
	EndGlobalSection
	GlobalSection(SolutionProperties) = preSolution
		HideSolutionNode = FALSE
	EndGlobalSection
	GlobalSection(ExtensibilityGlobals) = postSolution
		SolutionGuid = {BE2A51FC-BC08-469A-B8DE-F725E77F947C}
	EndGlobalSection
EndGlobal
