
Microsoft Visual Studio Solution File, Format Version 12.00
# Visual Studio Version 16
VisualStudioVersion = 16.0.30907.101
MinimumVisualStudioVersion = 10.0.40219.1
Project("{FAE04EC0-301F-11D3-BF4B-00C04F79EFBC}") = "sequencia_pares", "sequencia_pares\sequencia_pares.csproj", "{4F7E0F41-F464-4A1B-8ABA-0EF569F82A8D}"
EndProject
Global
	GlobalSection(SolutionConfigurationPlatforms) = preSolution
		Debug|Any CPU = Debug|Any CPU
		Release|Any CPU = Release|Any CPU
	EndGlobalSection
	GlobalSection(ProjectConfigurationPlatforms) = postSolution
		{4F7E0F41-F464-4A1B-8ABA-0EF569F82A8D}.Debug|Any CPU.ActiveCfg = Debug|Any CPU
		{4F7E0F41-F464-4A1B-8ABA-0EF569F82A8D}.Debug|Any CPU.Build.0 = Debug|Any CPU
		{4F7E0F41-F464-4A1B-8ABA-0EF569F82A8D}.Release|Any CPU.ActiveCfg = Release|Any CPU
		{4F7E0F41-F464-4A1B-8ABA-0EF569F82A8D}.Release|Any CPU.Build.0 = Release|Any CPU
	EndGlobalSection
	GlobalSection(SolutionProperties) = preSolution
		HideSolutionNode = FALSE
	EndGlobalSection
	GlobalSection(ExtensibilityGlobals) = postSolution
		SolutionGuid = {CE4E80D4-3A88-4D17-94BC-D1FAFFB789B3}
	EndGlobalSection
EndGlobal
