
Microsoft Visual Studio Solution File, Format Version 12.00
# Visual Studio Version 16
VisualStudioVersion = 16.0.31005.135
MinimumVisualStudioVersion = 10.0.40219.1
Project("{FAE04EC0-301F-11D3-BF4B-00C04F79EFBC}") = "ifelse_ex06", "ifelse_ex06\ifelse_ex06.csproj", "{8FE9790B-07B9-499C-8E93-EDAAF5D73504}"
EndProject
Global
	GlobalSection(SolutionConfigurationPlatforms) = preSolution
		Debug|Any CPU = Debug|Any CPU
		Release|Any CPU = Release|Any CPU
	EndGlobalSection
	GlobalSection(ProjectConfigurationPlatforms) = postSolution
		{8FE9790B-07B9-499C-8E93-EDAAF5D73504}.Debug|Any CPU.ActiveCfg = Debug|Any CPU
		{8FE9790B-07B9-499C-8E93-EDAAF5D73504}.Debug|Any CPU.Build.0 = Debug|Any CPU
		{8FE9790B-07B9-499C-8E93-EDAAF5D73504}.Release|Any CPU.ActiveCfg = Release|Any CPU
		{8FE9790B-07B9-499C-8E93-EDAAF5D73504}.Release|Any CPU.Build.0 = Release|Any CPU
	EndGlobalSection
	GlobalSection(SolutionProperties) = preSolution
		HideSolutionNode = FALSE
	EndGlobalSection
	GlobalSection(ExtensibilityGlobals) = postSolution
		SolutionGuid = {606EF3BF-C4AA-408E-B813-E9E2EB8D39DD}
	EndGlobalSection
EndGlobal
