
Microsoft Visual Studio Solution File, Format Version 12.00
# Visual Studio Version 16
VisualStudioVersion = 16.0.31005.135
MinimumVisualStudioVersion = 10.0.40219.1
Project("{FAE04EC0-301F-11D3-BF4B-00C04F79EFBC}") = "while_Ex03", "while_Ex03\while_Ex03.csproj", "{D8DE70BE-FDA9-450F-B70D-304C7E70927B}"
EndProject
Global
	GlobalSection(SolutionConfigurationPlatforms) = preSolution
		Debug|Any CPU = Debug|Any CPU
		Release|Any CPU = Release|Any CPU
	EndGlobalSection
	GlobalSection(ProjectConfigurationPlatforms) = postSolution
		{D8DE70BE-FDA9-450F-B70D-304C7E70927B}.Debug|Any CPU.ActiveCfg = Debug|Any CPU
		{D8DE70BE-FDA9-450F-B70D-304C7E70927B}.Debug|Any CPU.Build.0 = Debug|Any CPU
		{D8DE70BE-FDA9-450F-B70D-304C7E70927B}.Release|Any CPU.ActiveCfg = Release|Any CPU
		{D8DE70BE-FDA9-450F-B70D-304C7E70927B}.Release|Any CPU.Build.0 = Release|Any CPU
	EndGlobalSection
	GlobalSection(SolutionProperties) = preSolution
		HideSolutionNode = FALSE
	EndGlobalSection
	GlobalSection(ExtensibilityGlobals) = postSolution
		SolutionGuid = {4F8E1902-B9F3-4F2F-B459-E05D241EE1B7}
	EndGlobalSection
EndGlobal
