
Microsoft Visual Studio Solution File, Format Version 12.00
# Visual Studio Version 16
VisualStudioVersion = 16.0.31005.135
MinimumVisualStudioVersion = 10.0.40219.1
Project("{FAE04EC0-301F-11D3-BF4B-00C04F79EFBC}") = "exercicio_01ConstrutorEncapsulamentoetc", "exercicio_01ConstrutorEncapsulamentoetc\exercicio_01ConstrutorEncapsulamentoetc.csproj", "{9C32CDD6-163B-4E97-8B69-91DE13B2E57E}"
EndProject
Global
	GlobalSection(SolutionConfigurationPlatforms) = preSolution
		Debug|Any CPU = Debug|Any CPU
		Release|Any CPU = Release|Any CPU
	EndGlobalSection
	GlobalSection(ProjectConfigurationPlatforms) = postSolution
		{9C32CDD6-163B-4E97-8B69-91DE13B2E57E}.Debug|Any CPU.ActiveCfg = Debug|Any CPU
		{9C32CDD6-163B-4E97-8B69-91DE13B2E57E}.Debug|Any CPU.Build.0 = Debug|Any CPU
		{9C32CDD6-163B-4E97-8B69-91DE13B2E57E}.Release|Any CPU.ActiveCfg = Release|Any CPU
		{9C32CDD6-163B-4E97-8B69-91DE13B2E57E}.Release|Any CPU.Build.0 = Release|Any CPU
	EndGlobalSection
	GlobalSection(SolutionProperties) = preSolution
		HideSolutionNode = FALSE
	EndGlobalSection
	GlobalSection(ExtensibilityGlobals) = postSolution
		SolutionGuid = {116F4D4D-D461-46B4-9202-FA0C4999129D}
	EndGlobalSection
EndGlobal
