
Microsoft Visual Studio Solution File, Format Version 12.00
# Visual Studio Version 16
VisualStudioVersion = 16.0.30907.101
MinimumVisualStudioVersion = 10.0.40219.1
Project("{FAE04EC0-301F-11D3-BF4B-00C04F79EFBC}") = "validacao_de_nota", "validacao_de_nota\validacao_de_nota.csproj", "{EF3FF372-BD30-47AE-8558-C32D2D5F8200}"
EndProject
Global
	GlobalSection(SolutionConfigurationPlatforms) = preSolution
		Debug|Any CPU = Debug|Any CPU
		Release|Any CPU = Release|Any CPU
	EndGlobalSection
	GlobalSection(ProjectConfigurationPlatforms) = postSolution
		{EF3FF372-BD30-47AE-8558-C32D2D5F8200}.Debug|Any CPU.ActiveCfg = Debug|Any CPU
		{EF3FF372-BD30-47AE-8558-C32D2D5F8200}.Debug|Any CPU.Build.0 = Debug|Any CPU
		{EF3FF372-BD30-47AE-8558-C32D2D5F8200}.Release|Any CPU.ActiveCfg = Release|Any CPU
		{EF3FF372-BD30-47AE-8558-C32D2D5F8200}.Release|Any CPU.Build.0 = Release|Any CPU
	EndGlobalSection
	GlobalSection(SolutionProperties) = preSolution
		HideSolutionNode = FALSE
	EndGlobalSection
	GlobalSection(ExtensibilityGlobals) = postSolution
		SolutionGuid = {143930DC-D98C-4A2C-BECE-E2E7143F540A}
	EndGlobalSection
EndGlobal
