
Microsoft Visual Studio Solution File, Format Version 12.00
# Visual Studio Version 16
VisualStudioVersion = 16.0.30907.101
MinimumVisualStudioVersion = 10.0.40219.1
Project("{FAE04EC0-301F-11D3-BF4B-00C04F79EFBC}") = "aumento", "aumento\aumento.csproj", "{0539CEFF-7A3B-47C4-A3C3-57E1EC866303}"
EndProject
Global
	GlobalSection(SolutionConfigurationPlatforms) = preSolution
		Debug|Any CPU = Debug|Any CPU
		Release|Any CPU = Release|Any CPU
	EndGlobalSection
	GlobalSection(ProjectConfigurationPlatforms) = postSolution
		{0539CEFF-7A3B-47C4-A3C3-57E1EC866303}.Debug|Any CPU.ActiveCfg = Debug|Any CPU
		{0539CEFF-7A3B-47C4-A3C3-57E1EC866303}.Debug|Any CPU.Build.0 = Debug|Any CPU
		{0539CEFF-7A3B-47C4-A3C3-57E1EC866303}.Release|Any CPU.ActiveCfg = Release|Any CPU
		{0539CEFF-7A3B-47C4-A3C3-57E1EC866303}.Release|Any CPU.Build.0 = Release|Any CPU
	EndGlobalSection
	GlobalSection(SolutionProperties) = preSolution
		HideSolutionNode = FALSE
	EndGlobalSection
	GlobalSection(ExtensibilityGlobals) = postSolution
		SolutionGuid = {08961639-A0E2-46EB-A7D2-8F041ED6D7A5}
	EndGlobalSection
EndGlobal
