
Microsoft Visual Studio Solution File, Format Version 12.00
# Visual Studio Version 16
VisualStudioVersion = 16.0.31005.135
MinimumVisualStudioVersion = 10.0.40219.1
Project("{FAE04EC0-301F-11D3-BF4B-00C04F79EFBC}") = "Exercise_vet1", "Exercise_vet1\Exercise_vet1.csproj", "{44FFC07F-EC23-483F-8EDC-2EDBC8774BC4}"
EndProject
Global
	GlobalSection(SolutionConfigurationPlatforms) = preSolution
		Debug|Any CPU = Debug|Any CPU
		Release|Any CPU = Release|Any CPU
	EndGlobalSection
	GlobalSection(ProjectConfigurationPlatforms) = postSolution
		{44FFC07F-EC23-483F-8EDC-2EDBC8774BC4}.Debug|Any CPU.ActiveCfg = Debug|Any CPU
		{44FFC07F-EC23-483F-8EDC-2EDBC8774BC4}.Debug|Any CPU.Build.0 = Debug|Any CPU
		{44FFC07F-EC23-483F-8EDC-2EDBC8774BC4}.Release|Any CPU.ActiveCfg = Release|Any CPU
		{44FFC07F-EC23-483F-8EDC-2EDBC8774BC4}.Release|Any CPU.Build.0 = Release|Any CPU
	EndGlobalSection
	GlobalSection(SolutionProperties) = preSolution
		HideSolutionNode = FALSE
	EndGlobalSection
	GlobalSection(ExtensibilityGlobals) = postSolution
		SolutionGuid = {8A9A3298-5C02-48D8-B28F-3DDC6E4574D4}
	EndGlobalSection
EndGlobal
