
Microsoft Visual Studio Solution File, Format Version 12.00
# Visual Studio Version 16
VisualStudioVersion = 16.0.31005.135
MinimumVisualStudioVersion = 10.0.40219.1
Project("{FAE04EC0-301F-11D3-BF4B-00C04F79EFBC}") = "sequential_exercise5", "sequential_exercise5\sequential_exercise5.csproj", "{AE37345F-6DEC-4CE3-9FE2-821AADD22803}"
EndProject
Global
	GlobalSection(SolutionConfigurationPlatforms) = preSolution
		Debug|Any CPU = Debug|Any CPU
		Release|Any CPU = Release|Any CPU
	EndGlobalSection
	GlobalSection(ProjectConfigurationPlatforms) = postSolution
		{AE37345F-6DEC-4CE3-9FE2-821AADD22803}.Debug|Any CPU.ActiveCfg = Debug|Any CPU
		{AE37345F-6DEC-4CE3-9FE2-821AADD22803}.Debug|Any CPU.Build.0 = Debug|Any CPU
		{AE37345F-6DEC-4CE3-9FE2-821AADD22803}.Release|Any CPU.ActiveCfg = Release|Any CPU
		{AE37345F-6DEC-4CE3-9FE2-821AADD22803}.Release|Any CPU.Build.0 = Release|Any CPU
	EndGlobalSection
	GlobalSection(SolutionProperties) = preSolution
		HideSolutionNode = FALSE
	EndGlobalSection
	GlobalSection(ExtensibilityGlobals) = postSolution
		SolutionGuid = {D6A965CE-7164-4EF3-A4F1-500C04991DDB}
	EndGlobalSection
EndGlobal
