
Microsoft Visual Studio Solution File, Format Version 12.00
# Visual Studio Version 16
VisualStudioVersion = 16.0.30907.101
MinimumVisualStudioVersion = 10.0.40219.1
Project("{FAE04EC0-301F-11D3-BF4B-00C04F79EFBC}") = "teste", "teste\teste.csproj", "{94E41E1A-6ACA-4EB1-B408-4B0A1AF3E89C}"
EndProject
Global
	GlobalSection(SolutionConfigurationPlatforms) = preSolution
		Debug|Any CPU = Debug|Any CPU
		Release|Any CPU = Release|Any CPU
	EndGlobalSection
	GlobalSection(ProjectConfigurationPlatforms) = postSolution
		{94E41E1A-6ACA-4EB1-B408-4B0A1AF3E89C}.Debug|Any CPU.ActiveCfg = Debug|Any CPU
		{94E41E1A-6ACA-4EB1-B408-4B0A1AF3E89C}.Debug|Any CPU.Build.0 = Debug|Any CPU
		{94E41E1A-6ACA-4EB1-B408-4B0A1AF3E89C}.Release|Any CPU.ActiveCfg = Release|Any CPU
		{94E41E1A-6ACA-4EB1-B408-4B0A1AF3E89C}.Release|Any CPU.Build.0 = Release|Any CPU
	EndGlobalSection
	GlobalSection(SolutionProperties) = preSolution
		HideSolutionNode = FALSE
	EndGlobalSection
	GlobalSection(ExtensibilityGlobals) = postSolution
		SolutionGuid = {4E88EE5F-6027-44D5-BC3F-6146CBD65F48}
	EndGlobalSection
EndGlobal
