
Microsoft Visual Studio Solution File, Format Version 12.00
# Visual Studio Version 16
VisualStudioVersion = 16.0.31005.135
MinimumVisualStudioVersion = 10.0.40219.1
Project("{FAE04EC0-301F-11D3-BF4B-00C04F79EFBC}") = "RedoExercise", "RedoExercise\RedoExercise.csproj", "{DD341236-B0DF-4853-A105-C1DB2833BE9C}"
EndProject
Global
	GlobalSection(SolutionConfigurationPlatforms) = preSolution
		Debug|Any CPU = Debug|Any CPU
		Release|Any CPU = Release|Any CPU
	EndGlobalSection
	GlobalSection(ProjectConfigurationPlatforms) = postSolution
		{DD341236-B0DF-4853-A105-C1DB2833BE9C}.Debug|Any CPU.ActiveCfg = Debug|Any CPU
		{DD341236-B0DF-4853-A105-C1DB2833BE9C}.Debug|Any CPU.Build.0 = Debug|Any CPU
		{DD341236-B0DF-4853-A105-C1DB2833BE9C}.Release|Any CPU.ActiveCfg = Release|Any CPU
		{DD341236-B0DF-4853-A105-C1DB2833BE9C}.Release|Any CPU.Build.0 = Release|Any CPU
	EndGlobalSection
	GlobalSection(SolutionProperties) = preSolution
		HideSolutionNode = FALSE
	EndGlobalSection
	GlobalSection(ExtensibilityGlobals) = postSolution
		SolutionGuid = {1E43DC4C-A8FC-485E-B29B-66A16FD70B84}
	EndGlobalSection
EndGlobal
