
Microsoft Visual Studio Solution File, Format Version 12.00
# Visual Studio Version 16
VisualStudioVersion = 16.0.31025.194
MinimumVisualStudioVersion = 10.0.40219.1
Project("{FAE04EC0-301F-11D3-BF4B-00C04F79EFBC}") = "HashSetTest", "HashSetTest\HashSetTest.csproj", "{BEA27DDD-3343-49D1-8B67-C3317B92BDBA}"
EndProject
Global
	GlobalSection(SolutionConfigurationPlatforms) = preSolution
		Debug|Any CPU = Debug|Any CPU
		Release|Any CPU = Release|Any CPU
	EndGlobalSection
	GlobalSection(ProjectConfigurationPlatforms) = postSolution
		{BEA27DDD-3343-49D1-8B67-C3317B92BDBA}.Debug|Any CPU.ActiveCfg = Debug|Any CPU
		{BEA27DDD-3343-49D1-8B67-C3317B92BDBA}.Debug|Any CPU.Build.0 = Debug|Any CPU
		{BEA27DDD-3343-49D1-8B67-C3317B92BDBA}.Release|Any CPU.ActiveCfg = Release|Any CPU
		{BEA27DDD-3343-49D1-8B67-C3317B92BDBA}.Release|Any CPU.Build.0 = Release|Any CPU
	EndGlobalSection
	GlobalSection(SolutionProperties) = preSolution
		HideSolutionNode = FALSE
	EndGlobalSection
	GlobalSection(ExtensibilityGlobals) = postSolution
		SolutionGuid = {A0D5E2D7-AC8A-44DF-AD96-E3FB2B2C4AEE}
	EndGlobalSection
EndGlobal
