
Microsoft Visual Studio Solution File, Format Version 12.00
# Visual Studio Version 16
VisualStudioVersion = 16.0.31005.135
MinimumVisualStudioVersion = 10.0.40219.1
Project("{FAE04EC0-301F-11D3-BF4B-00C04F79EFBC}") = "introOO_ex02", "introOO_ex02\introOO_ex02.csproj", "{B442BDCC-A0A4-4A53-A49F-72030A3EA7A1}"
EndProject
Global
	GlobalSection(SolutionConfigurationPlatforms) = preSolution
		Debug|Any CPU = Debug|Any CPU
		Release|Any CPU = Release|Any CPU
	EndGlobalSection
	GlobalSection(ProjectConfigurationPlatforms) = postSolution
		{B442BDCC-A0A4-4A53-A49F-72030A3EA7A1}.Debug|Any CPU.ActiveCfg = Debug|Any CPU
		{B442BDCC-A0A4-4A53-A49F-72030A3EA7A1}.Debug|Any CPU.Build.0 = Debug|Any CPU
		{B442BDCC-A0A4-4A53-A49F-72030A3EA7A1}.Release|Any CPU.ActiveCfg = Release|Any CPU
		{B442BDCC-A0A4-4A53-A49F-72030A3EA7A1}.Release|Any CPU.Build.0 = Release|Any CPU
	EndGlobalSection
	GlobalSection(SolutionProperties) = preSolution
		HideSolutionNode = FALSE
	EndGlobalSection
	GlobalSection(ExtensibilityGlobals) = postSolution
		SolutionGuid = {E415E32D-004A-4B67-B491-5718BBEDA6A9}
	EndGlobalSection
EndGlobal
