
Microsoft Visual Studio Solution File, Format Version 12.00
# Visual Studio Version 16
VisualStudioVersion = 16.0.31005.135
MinimumVisualStudioVersion = 10.0.40219.1
Project("{FAE04EC0-301F-11D3-BF4B-00C04F79EFBC}") = "ForeachTest", "ForeachTest\ForeachTest.csproj", "{B4E273EE-2BD8-4951-9630-8572D10297E5}"
EndProject
Global
	GlobalSection(SolutionConfigurationPlatforms) = preSolution
		Debug|Any CPU = Debug|Any CPU
		Release|Any CPU = Release|Any CPU
	EndGlobalSection
	GlobalSection(ProjectConfigurationPlatforms) = postSolution
		{B4E273EE-2BD8-4951-9630-8572D10297E5}.Debug|Any CPU.ActiveCfg = Debug|Any CPU
		{B4E273EE-2BD8-4951-9630-8572D10297E5}.Debug|Any CPU.Build.0 = Debug|Any CPU
		{B4E273EE-2BD8-4951-9630-8572D10297E5}.Release|Any CPU.ActiveCfg = Release|Any CPU
		{B4E273EE-2BD8-4951-9630-8572D10297E5}.Release|Any CPU.Build.0 = Release|Any CPU
	EndGlobalSection
	GlobalSection(SolutionProperties) = preSolution
		HideSolutionNode = FALSE
	EndGlobalSection
	GlobalSection(ExtensibilityGlobals) = postSolution
		SolutionGuid = {B6C2A21B-C4FD-462A-A33C-6D9F0C12A9C9}
	EndGlobalSection
EndGlobal
