
Microsoft Visual Studio Solution File, Format Version 12.00
# Visual Studio Version 16
VisualStudioVersion = 16.0.31005.135
MinimumVisualStudioVersion = 10.0.40219.1
Project("{FAE04EC0-301F-11D3-BF4B-00C04F79EFBC}") = "Course1", "Course1\Course1.csproj", "{B2341B35-6DED-4DDD-AE29-2DE93EC6C496}"
EndProject
Global
	GlobalSection(SolutionConfigurationPlatforms) = preSolution
		Debug|Any CPU = Debug|Any CPU
		Release|Any CPU = Release|Any CPU
	EndGlobalSection
	GlobalSection(ProjectConfigurationPlatforms) = postSolution
		{B2341B35-6DED-4DDD-AE29-2DE93EC6C496}.Debug|Any CPU.ActiveCfg = Debug|Any CPU
		{B2341B35-6DED-4DDD-AE29-2DE93EC6C496}.Debug|Any CPU.Build.0 = Debug|Any CPU
		{B2341B35-6DED-4DDD-AE29-2DE93EC6C496}.Release|Any CPU.ActiveCfg = Release|Any CPU
		{B2341B35-6DED-4DDD-AE29-2DE93EC6C496}.Release|Any CPU.Build.0 = Release|Any CPU
	EndGlobalSection
	GlobalSection(SolutionProperties) = preSolution
		HideSolutionNode = FALSE
	EndGlobalSection
	GlobalSection(ExtensibilityGlobals) = postSolution
		SolutionGuid = {693E6CD8-7321-487A-BD5D-89E6D92F6E34}
	EndGlobalSection
EndGlobal
