
Microsoft Visual Studio Solution File, Format Version 12.00
# Visual Studio Version 16
VisualStudioVersion = 16.0.31005.135
MinimumVisualStudioVersion = 10.0.40219.1
Project("{FAE04EC0-301F-11D3-BF4B-00C04F79EFBC}") = "redoExercise03", "redoExercise03\redoExercise03.csproj", "{18F6163A-9789-467C-A7BC-EBABB809AEAA}"
EndProject
Global
	GlobalSection(SolutionConfigurationPlatforms) = preSolution
		Debug|Any CPU = Debug|Any CPU
		Release|Any CPU = Release|Any CPU
	EndGlobalSection
	GlobalSection(ProjectConfigurationPlatforms) = postSolution
		{18F6163A-9789-467C-A7BC-EBABB809AEAA}.Debug|Any CPU.ActiveCfg = Debug|Any CPU
		{18F6163A-9789-467C-A7BC-EBABB809AEAA}.Debug|Any CPU.Build.0 = Debug|Any CPU
		{18F6163A-9789-467C-A7BC-EBABB809AEAA}.Release|Any CPU.ActiveCfg = Release|Any CPU
		{18F6163A-9789-467C-A7BC-EBABB809AEAA}.Release|Any CPU.Build.0 = Release|Any CPU
	EndGlobalSection
	GlobalSection(SolutionProperties) = preSolution
		HideSolutionNode = FALSE
	EndGlobalSection
	GlobalSection(ExtensibilityGlobals) = postSolution
		SolutionGuid = {B4C8E60F-DF53-41F7-BF8B-4937E804DE57}
	EndGlobalSection
EndGlobal
