
Microsoft Visual Studio Solution File, Format Version 12.00
# Visual Studio Version 16
VisualStudioVersion = 16.0.31025.194
MinimumVisualStudioVersion = 10.0.40219.1
Project("{FAE04EC0-301F-11D3-BF4B-00C04F79EFBC}") = "testeTernaria", "testeTernaria\testeTernaria.csproj", "{7806864A-5146-43E6-A473-A8BC46F5716A}"
EndProject
Global
	GlobalSection(SolutionConfigurationPlatforms) = preSolution
		Debug|Any CPU = Debug|Any CPU
		Release|Any CPU = Release|Any CPU
	EndGlobalSection
	GlobalSection(ProjectConfigurationPlatforms) = postSolution
		{7806864A-5146-43E6-A473-A8BC46F5716A}.Debug|Any CPU.ActiveCfg = Debug|Any CPU
		{7806864A-5146-43E6-A473-A8BC46F5716A}.Debug|Any CPU.Build.0 = Debug|Any CPU
		{7806864A-5146-43E6-A473-A8BC46F5716A}.Release|Any CPU.ActiveCfg = Release|Any CPU
		{7806864A-5146-43E6-A473-A8BC46F5716A}.Release|Any CPU.Build.0 = Release|Any CPU
	EndGlobalSection
	GlobalSection(SolutionProperties) = preSolution
		HideSolutionNode = FALSE
	EndGlobalSection
	GlobalSection(ExtensibilityGlobals) = postSolution
		SolutionGuid = {CB530D0E-B92E-4853-B797-8AD9DA016ED0}
	EndGlobalSection
EndGlobal
