
Microsoft Visual Studio Solution File, Format Version 12.00
# Visual Studio Version 16
VisualStudioVersion = 16.0.30907.101
MinimumVisualStudioVersion = 10.0.40219.1
Project("{FAE04EC0-301F-11D3-BF4B-00C04F79EFBC}") = "soma_impares", "soma_impares\soma_impares.csproj", "{ECB5F583-6ED0-4B0D-A59F-139518B6CCEF}"
EndProject
Global
	GlobalSection(SolutionConfigurationPlatforms) = preSolution
		Debug|Any CPU = Debug|Any CPU
		Release|Any CPU = Release|Any CPU
	EndGlobalSection
	GlobalSection(ProjectConfigurationPlatforms) = postSolution
		{ECB5F583-6ED0-4B0D-A59F-139518B6CCEF}.Debug|Any CPU.ActiveCfg = Debug|Any CPU
		{ECB5F583-6ED0-4B0D-A59F-139518B6CCEF}.Debug|Any CPU.Build.0 = Debug|Any CPU
		{ECB5F583-6ED0-4B0D-A59F-139518B6CCEF}.Release|Any CPU.ActiveCfg = Release|Any CPU
		{ECB5F583-6ED0-4B0D-A59F-139518B6CCEF}.Release|Any CPU.Build.0 = Release|Any CPU
	EndGlobalSection
	GlobalSection(SolutionProperties) = preSolution
		HideSolutionNode = FALSE
	EndGlobalSection
	GlobalSection(ExtensibilityGlobals) = postSolution
		SolutionGuid = {9FE679B9-2DB8-406E-8098-90065E4663BC}
	EndGlobalSection
EndGlobal
